// !$*UTF8*$!
{
	archiveVersion = 1;
	classes = {
	};
	objectVersion = 46;
	objects = {

/* Begin PBXBuildFile section */
		4E236D531D4F0FF800BD6DB0 /* AppDelegate.swift in Sources */ = {isa = PBXBuildFile; fileRef = 4E236D521D4F0FF800BD6DB0 /* AppDelegate.swift */; };
		4E236D551D4F0FF800BD6DB0 /* ViewController.swift in Sources */ = {isa = PBXBuildFile; fileRef = 4E236D541D4F0FF800BD6DB0 /* ViewController.swift */; };
		4E236D581D4F0FF800BD6DB0 /* Main.storyboard in Resources */ = {isa = PBXBuildFile; fileRef = 4E236D561D4F0FF800BD6DB0 /* Main.storyboard */; };
		4E236D5A1D4F0FF800BD6DB0 /* Assets.xcassets in Resources */ = {isa = PBXBuildFile; fileRef = 4E236D591D4F0FF800BD6DB0 /* Assets.xcassets */; };
		4E236D5D1D4F0FF800BD6DB0 /* LaunchScreen.storyboard in Resources */ = {isa = PBXBuildFile; fileRef = 4E236D5B1D4F0FF800BD6DB0 /* LaunchScreen.storyboard */; };
		4E236D681D4F0FF800BD6DB0 /* TestKitchen_SwiftTests.swift in Sources */ = {isa = PBXBuildFile; fileRef = 4E236D671D4F0FF800BD6DB0 /* TestKitchen_SwiftTests.swift */; };
		4E236D731D4F0FF900BD6DB0 /* TestKitchen_SwiftUITests.swift in Sources */ = {isa = PBXBuildFile; fileRef = 4E236D721D4F0FF900BD6DB0 /* TestKitchen_SwiftUITests.swift */; };
		4E236D811D4F103600BD6DB0 /* ReadMe.rtf in Resources */ = {isa = PBXBuildFile; fileRef = 4E236D801D4F103600BD6DB0 /* ReadMe.rtf */; };
		4E236DB81D4F134C00BD6DB0 /* Const.swift in Sources */ = {isa = PBXBuildFile; fileRef = 4E236DB61D4F134C00BD6DB0 /* Const.swift */; };
		4E236DB91D4F134C00BD6DB0 /* KTCUtil.swift in Sources */ = {isa = PBXBuildFile; fileRef = 4E236DB71D4F134C00BD6DB0 /* KTCUtil.swift */; };
/* End PBXBuildFile section */

/* Begin PBXContainerItemProxy section */
		4E236D641D4F0FF800BD6DB0 /* PBXContainerItemProxy */ = {
			isa = PBXContainerItemProxy;
			containerPortal = 4E236D471D4F0FF800BD6DB0 /* Project object */;
			proxyType = 1;
			remoteGlobalIDString = 4E236D4E1D4F0FF800BD6DB0;
			remoteInfo = TestKitchen_Swift;
		};
		4E236D6F1D4F0FF900BD6DB0 /* PBXContainerItemProxy */ = {
			isa = PBXContainerItemProxy;
			containerPortal = 4E236D471D4F0FF800BD6DB0 /* Project object */;
			proxyType = 1;
			remoteGlobalIDString = 4E236D4E1D4F0FF800BD6DB0;
			remoteInfo = TestKitchen_Swift;
		};
/* End PBXContainerItemProxy section */

/* Begin PBXFileReference section */
		4E236D4F1D4F0FF800BD6DB0 /* TestKitchen_Swift.app */ = {isa = PBXFileReference; explicitFileType = wrapper.application; includeInIndex = 0; path = TestKitchen_Swift.app; sourceTree = BUILT_PRODUCTS_DIR; };
		4E236D521D4F0FF800BD6DB0 /* AppDelegate.swift */ = {isa = PBXFileReference; lastKnownFileType = sourcecode.swift; path = AppDelegate.swift; sourceTree = "<group>"; };
		4E236D541D4F0FF800BD6DB0 /* ViewController.swift */ = {isa = PBXFileReference; lastKnownFileType = sourcecode.swift; path = ViewController.swift; sourceTree = "<group>"; };
		4E236D571D4F0FF800BD6DB0 /* Base */ = {isa = PBXFileReference; lastKnownFileType = file.storyboard; name = Base; path = Base.lproj/Main.storyboard; sourceTree = "<group>"; };
		4E236D591D4F0FF800BD6DB0 /* Assets.xcassets */ = {isa = PBXFileReference; lastKnownFileType = folder.assetcatalog; path = Assets.xcassets; sourceTree = "<group>"; };
		4E236D5C1D4F0FF800BD6DB0 /* Base */ = {isa = PBXFileReference; lastKnownFileType = file.storyboard; name = Base; path = Base.lproj/LaunchScreen.storyboard; sourceTree = "<group>"; };
		4E236D5E1D4F0FF800BD6DB0 /* Info.plist */ = {isa = PBXFileReference; lastKnownFileType = text.plist.xml; path = Info.plist; sourceTree = "<group>"; };
		4E236D631D4F0FF800BD6DB0 /* TestKitchen_SwiftTests.xctest */ = {isa = PBXFileReference; explicitFileType = wrapper.cfbundle; includeInIndex = 0; path = TestKitchen_SwiftTests.xctest; sourceTree = BUILT_PRODUCTS_DIR; };
		4E236D671D4F0FF800BD6DB0 /* TestKitchen_SwiftTests.swift */ = {isa = PBXFileReference; lastKnownFileType = sourcecode.swift; path = TestKitchen_SwiftTests.swift; sourceTree = "<group>"; };
		4E236D691D4F0FF900BD6DB0 /* Info.plist */ = {isa = PBXFileReference; lastKnownFileType = text.plist.xml; path = Info.plist; sourceTree = "<group>"; };
		4E236D6E1D4F0FF900BD6DB0 /* TestKitchen_SwiftUITests.xctest */ = {isa = PBXFileReference; explicitFileType = wrapper.cfbundle; includeInIndex = 0; path = TestKitchen_SwiftUITests.xctest; sourceTree = BUILT_PRODUCTS_DIR; };
		4E236D721D4F0FF900BD6DB0 /* TestKitchen_SwiftUITests.swift */ = {isa = PBXFileReference; lastKnownFileType = sourcecode.swift; path = TestKitchen_SwiftUITests.swift; sourceTree = "<group>"; };
		4E236D741D4F0FF900BD6DB0 /* Info.plist */ = {isa = PBXFileReference; lastKnownFileType = text.plist.xml; path = Info.plist; sourceTree = "<group>"; };
		4E236D801D4F103600BD6DB0 /* ReadMe.rtf */ = {isa = PBXFileReference; fileEncoding = 4; lastKnownFileType = text.rtf; path = ReadMe.rtf; sourceTree = "<group>"; };
		4E236DB61D4F134C00BD6DB0 /* Const.swift */ = {isa = PBXFileReference; fileEncoding = 4; lastKnownFileType = sourcecode.swift; path = Const.swift; sourceTree = "<group>"; };
		4E236DB71D4F134C00BD6DB0 /* KTCUtil.swift */ = {isa = PBXFileReference; fileEncoding = 4; lastKnownFileType = sourcecode.swift; path = KTCUtil.swift; sourceTree = "<group>"; };
/* End PBXFileReference section */

/* Begin PBXFrameworksBuildPhase section */
		4E236D4C1D4F0FF800BD6DB0 /* Frameworks */ = {
			isa = PBXFrameworksBuildPhase;
			buildActionMask = 2147483647;
			files = (
			);
			runOnlyForDeploymentPostprocessing = 0;
		};
		4E236D601D4F0FF800BD6DB0 /* Frameworks */ = {
			isa = PBXFrameworksBuildPhase;
			buildActionMask = 2147483647;
			files = (
			);
			runOnlyForDeploymentPostprocessing = 0;
		};
		4E236D6B1D4F0FF900BD6DB0 /* Frameworks */ = {
			isa = PBXFrameworksBuildPhase;
			buildActionMask = 2147483647;
			files = (
			);
			runOnlyForDeploymentPostprocessing = 0;
		};
/* End PBXFrameworksBuildPhase section */

/* Begin PBXGroup section */
		4E236D461D4F0FF800BD6DB0 = {
			isa = PBXGroup;
			children = (
				4E236D511D4F0FF800BD6DB0 /* TestKitchen_Swift */,
				4E236D661D4F0FF800BD6DB0 /* TestKitchen_SwiftTests */,
				4E236D711D4F0FF900BD6DB0 /* TestKitchen_SwiftUITests */,
				4E236D501D4F0FF800BD6DB0 /* Products */,
			);
			sourceTree = "<group>";
		};
		4E236D501D4F0FF800BD6DB0 /* Products */ = {
			isa = PBXGroup;
			children = (
				4E236D4F1D4F0FF800BD6DB0 /* TestKitchen_Swift.app */,
				4E236D631D4F0FF800BD6DB0 /* TestKitchen_SwiftTests.xctest */,
				4E236D6E1D4F0FF900BD6DB0 /* TestKitchen_SwiftUITests.xctest */,
			);
			name = Products;
			sourceTree = "<group>";
		};
		4E236D511D4F0FF800BD6DB0 /* TestKitchen_Swift */ = {
			isa = PBXGroup;
			children = (
				4E236D971D4F134C00BD6DB0 /* classes */,
				4E236D8A1D4F125A00BD6DB0 /* resources */,
				4E236D921D4F125A00BD6DB0 /* thirdParty */,
				4E236D521D4F0FF800BD6DB0 /* AppDelegate.swift */,
				4E236D541D4F0FF800BD6DB0 /* ViewController.swift */,
				4E236D561D4F0FF800BD6DB0 /* Main.storyboard */,
				4E236D591D4F0FF800BD6DB0 /* Assets.xcassets */,
				4E236D5B1D4F0FF800BD6DB0 /* LaunchScreen.storyboard */,
				4E236D5E1D4F0FF800BD6DB0 /* Info.plist */,
				4E236D801D4F103600BD6DB0 /* ReadMe.rtf */,
			);
			path = TestKitchen_Swift;
			sourceTree = "<group>";
		};
		4E236D661D4F0FF800BD6DB0 /* TestKitchen_SwiftTests */ = {
			isa = PBXGroup;
			children = (
				4E236D671D4F0FF800BD6DB0 /* TestKitchen_SwiftTests.swift */,
				4E236D691D4F0FF900BD6DB0 /* Info.plist */,
			);
			path = TestKitchen_SwiftTests;
			sourceTree = "<group>";
		};
		4E236D711D4F0FF900BD6DB0 /* TestKitchen_SwiftUITests */ = {
			isa = PBXGroup;
			children = (
				4E236D721D4F0FF900BD6DB0 /* TestKitchen_SwiftUITests.swift */,
				4E236D741D4F0FF900BD6DB0 /* Info.plist */,
			);
			path = TestKitchen_SwiftUITests;
			sourceTree = "<group>";
		};
		4E236D8A1D4F125A00BD6DB0 /* resources */ = {
			isa = PBXGroup;
			children = (
				4E236D8B1D4F125A00BD6DB0 /* images */,
			);
			path = resources;
			sourceTree = "<group>";
		};
		4E236D8B1D4F125A00BD6DB0 /* images */ = {
			isa = PBXGroup;
			children = (
				4E236D8C1D4F125A00BD6DB0 /* common */,
				4E236D8D1D4F125A00BD6DB0 /* community */,
				4E236D8E1D4F125A00BD6DB0 /* cookbook */,
				4E236D8F1D4F125A00BD6DB0 /* foodClass */,
				4E236D901D4F125A00BD6DB0 /* mall */,
				4E236D911D4F125A00BD6DB0 /* mine */,
			);
			path = images;
			sourceTree = "<group>";
		};
		4E236D8C1D4F125A00BD6DB0 /* common */ = {
			isa = PBXGroup;
			children = (
			);
			path = common;
			sourceTree = "<group>";
		};
		4E236D8D1D4F125A00BD6DB0 /* community */ = {
			isa = PBXGroup;
			children = (
			);
			path = community;
			sourceTree = "<group>";
		};
		4E236D8E1D4F125A00BD6DB0 /* cookbook */ = {
			isa = PBXGroup;
			children = (
			);
			path = cookbook;
			sourceTree = "<group>";
		};
		4E236D8F1D4F125A00BD6DB0 /* foodClass */ = {
			isa = PBXGroup;
			children = (
			);
			path = foodClass;
			sourceTree = "<group>";
		};
		4E236D901D4F125A00BD6DB0 /* mall */ = {
			isa = PBXGroup;
			children = (
			);
			path = mall;
			sourceTree = "<group>";
		};
		4E236D911D4F125A00BD6DB0 /* mine */ = {
			isa = PBXGroup;
			children = (
			);
			path = mine;
			sourceTree = "<group>";
		};
		4E236D921D4F125A00BD6DB0 /* thirdParty */ = {
			isa = PBXGroup;
			children = (
			);
			path = thirdParty;
			sourceTree = "<group>";
		};
		4E236D971D4F134C00BD6DB0 /* classes */ = {
			isa = PBXGroup;
			children = (
				4E236D981D4F134C00BD6DB0 /* common */,
				4E236D9C1D4F134C00BD6DB0 /* community */,
				4E236DA11D4F134C00BD6DB0 /* cookbook */,
				4E236DA61D4F134C00BD6DB0 /* foodClass */,
				4E236DAB1D4F134C00BD6DB0 /* mall */,
				4E236DB01D4F134C00BD6DB0 /* mine */,
				4E236DB51D4F134C00BD6DB0 /* util */,
			);
			path = classes;
			sourceTree = "<group>";
		};
		4E236D981D4F134C00BD6DB0 /* common */ = {
			isa = PBXGroup;
			children = (
				4E236D991D4F134C00BD6DB0 /* controller */,
				4E236D9A1D4F134C00BD6DB0 /* model */,
				4E236D9B1D4F134C00BD6DB0 /* view */,
			);
			path = common;
			sourceTree = "<group>";
		};
		4E236D991D4F134C00BD6DB0 /* controller */ = {
			isa = PBXGroup;
			children = (
			);
			path = controller;
			sourceTree = "<group>";
		};
		4E236D9A1D4F134C00BD6DB0 /* model */ = {
			isa = PBXGroup;
			children = (
			);
			path = model;
			sourceTree = "<group>";
		};
		4E236D9B1D4F134C00BD6DB0 /* view */ = {
			isa = PBXGroup;
			children = (
			);
			path = view;
			sourceTree = "<group>";
		};
		4E236D9C1D4F134C00BD6DB0 /* community */ = {
			isa = PBXGroup;
			children = (
				4E236D9D1D4F134C00BD6DB0 /* homePage */,
			);
			path = community;
			sourceTree = "<group>";
		};
		4E236D9D1D4F134C00BD6DB0 /* homePage */ = {
			isa = PBXGroup;
			children = (
				4E236D9E1D4F134C00BD6DB0 /* controller */,
				4E236D9F1D4F134C00BD6DB0 /* model */,
				4E236DA01D4F134C00BD6DB0 /* view */,
			);
			path = homePage;
			sourceTree = "<group>";
		};
		4E236D9E1D4F134C00BD6DB0 /* controller */ = {
			isa = PBXGroup;
			children = (
			);
			path = controller;
			sourceTree = "<group>";
		};
		4E236D9F1D4F134C00BD6DB0 /* model */ = {
			isa = PBXGroup;
			children = (
			);
			path = model;
			sourceTree = "<group>";
		};
		4E236DA01D4F134C00BD6DB0 /* view */ = {
			isa = PBXGroup;
			children = (
			);
			path = view;
			sourceTree = "<group>";
		};
		4E236DA11D4F134C00BD6DB0 /* cookbook */ = {
			isa = PBXGroup;
			children = (
				4E236DA21D4F134C00BD6DB0 /* homePage */,
			);
			path = cookbook;
			sourceTree = "<group>";
		};
		4E236DA21D4F134C00BD6DB0 /* homePage */ = {
			isa = PBXGroup;
			children = (
				4E236DA31D4F134C00BD6DB0 /* controller */,
				4E236DA41D4F134C00BD6DB0 /* model */,
				4E236DA51D4F134C00BD6DB0 /* view */,
			);
			path = homePage;
			sourceTree = "<group>";
		};
		4E236DA31D4F134C00BD6DB0 /* controller */ = {
			isa = PBXGroup;
			children = (
			);
			path = controller;
			sourceTree = "<group>";
		};
		4E236DA41D4F134C00BD6DB0 /* model */ = {
			isa = PBXGroup;
			children = (
			);
			path = model;
			sourceTree = "<group>";
		};
		4E236DA51D4F134C00BD6DB0 /* view */ = {
			isa = PBXGroup;
			children = (
			);
			path = view;
			sourceTree = "<group>";
		};
		4E236DA61D4F134C00BD6DB0 /* foodClass */ = {
			isa = PBXGroup;
			children = (
				4E236DA71D4F134C00BD6DB0 /* homePage */,
			);
			path = foodClass;
			sourceTree = "<group>";
		};
		4E236DA71D4F134C00BD6DB0 /* homePage */ = {
			isa = PBXGroup;
			children = (
				4E236DA81D4F134C00BD6DB0 /* controller */,
				4E236DA91D4F134C00BD6DB0 /* model */,
				4E236DAA1D4F134C00BD6DB0 /* view */,
			);
			path = homePage;
			sourceTree = "<group>";
		};
		4E236DA81D4F134C00BD6DB0 /* controller */ = {
			isa = PBXGroup;
			children = (
			);
			path = controller;
			sourceTree = "<group>";
		};
		4E236DA91D4F134C00BD6DB0 /* model */ = {
			isa = PBXGroup;
			children = (
			);
			path = model;
			sourceTree = "<group>";
		};
		4E236DAA1D4F134C00BD6DB0 /* view */ = {
			isa = PBXGroup;
			children = (
			);
			path = view;
			sourceTree = "<group>";
		};
		4E236DAB1D4F134C00BD6DB0 /* mall */ = {
			isa = PBXGroup;
			children = (
				4E236DAC1D4F134C00BD6DB0 /* homePage */,
			);
			path = mall;
			sourceTree = "<group>";
		};
		4E236DAC1D4F134C00BD6DB0 /* homePage */ = {
			isa = PBXGroup;
			children = (
				4E236DAD1D4F134C00BD6DB0 /* controller */,
				4E236DAE1D4F134C00BD6DB0 /* model */,
				4E236DAF1D4F134C00BD6DB0 /* view */,
			);
			path = homePage;
			sourceTree = "<group>";
		};
		4E236DAD1D4F134C00BD6DB0 /* controller */ = {
			isa = PBXGroup;
			children = (
			);
			path = controller;
			sourceTree = "<group>";
		};
		4E236DAE1D4F134C00BD6DB0 /* model */ = {
			isa = PBXGroup;
			children = (
			);
			path = model;
			sourceTree = "<group>";
		};
		4E236DAF1D4F134C00BD6DB0 /* view */ = {
			isa = PBXGroup;
			children = (
			);
			path = view;
			sourceTree = "<group>";
		};
		4E236DB01D4F134C00BD6DB0 /* mine */ = {
			isa = PBXGroup;
			children = (
				4E236DB11D4F134C00BD6DB0 /* homePage */,
			);
			path = mine;
			sourceTree = "<group>";
		};
		4E236DB11D4F134C00BD6DB0 /* homePage */ = {
			isa = PBXGroup;
			children = (
				4E236DB21D4F134C00BD6DB0 /* controller */,
				4E236DB31D4F134C00BD6DB0 /* model */,
				4E236DB41D4F134C00BD6DB0 /* view */,
			);
			path = homePage;
			sourceTree = "<group>";
		};
		4E236DB21D4F134C00BD6DB0 /* controller */ = {
			isa = PBXGroup;
			children = (
			);
			path = controller;
			sourceTree = "<group>";
		};
		4E236DB31D4F134C00BD6DB0 /* model */ = {
			isa = PBXGroup;
			children = (
			);
			path = model;
			sourceTree = "<group>";
		};
		4E236DB41D4F134C00BD6DB0 /* view */ = {
			isa = PBXGroup;
			children = (
			);
			path = view;
			sourceTree = "<group>";
		};
		4E236DB51D4F134C00BD6DB0 /* util */ = {
			isa = PBXGroup;
			children = (
				4E236DB61D4F134C00BD6DB0 /* Const.swift */,
				4E236DB71D4F134C00BD6DB0 /* KTCUtil.swift */,
			);
			path = util;
			sourceTree = "<group>";
		};
/* End PBXGroup section */

/* Begin PBXNativeTarget section */
		4E236D4E1D4F0FF800BD6DB0 /* TestKitchen_Swift */ = {
			isa = PBXNativeTarget;
			buildConfigurationList = 4E236D771D4F0FF900BD6DB0 /* Build configuration list for PBXNativeTarget "TestKitchen_Swift" */;
			buildPhases = (
				4E236D4B1D4F0FF800BD6DB0 /* Sources */,
				4E236D4C1D4F0FF800BD6DB0 /* Frameworks */,
				4E236D4D1D4F0FF800BD6DB0 /* Resources */,
			);
			buildRules = (
			);
			dependencies = (
			);
			name = TestKitchen_Swift;
			productName = TestKitchen_Swift;
			productReference = 4E236D4F1D4F0FF800BD6DB0 /* TestKitchen_Swift.app */;
			productType = "com.apple.product-type.application";
		};
		4E236D621D4F0FF800BD6DB0 /* TestKitchen_SwiftTests */ = {
			isa = PBXNativeTarget;
			buildConfigurationList = 4E236D7A1D4F0FF900BD6DB0 /* Build configuration list for PBXNativeTarget "TestKitchen_SwiftTests" */;
			buildPhases = (
				4E236D5F1D4F0FF800BD6DB0 /* Sources */,
				4E236D601D4F0FF800BD6DB0 /* Frameworks */,
				4E236D611D4F0FF800BD6DB0 /* Resources */,
			);
			buildRules = (
			);
			dependencies = (
				4E236D651D4F0FF800BD6DB0 /* PBXTargetDependency */,
			);
			name = TestKitchen_SwiftTests;
			productName = TestKitchen_SwiftTests;
			productReference = 4E236D631D4F0FF800BD6DB0 /* TestKitchen_SwiftTests.xctest */;
			productType = "com.apple.product-type.bundle.unit-test";
		};
		4E236D6D1D4F0FF900BD6DB0 /* TestKitchen_SwiftUITests */ = {
			isa = PBXNativeTarget;
			buildConfigurationList = 4E236D7D1D4F0FF900BD6DB0 /* Build configuration list for PBXNativeTarget "TestKitchen_SwiftUITests" */;
			buildPhases = (
				4E236D6A1D4F0FF900BD6DB0 /* Sources */,
				4E236D6B1D4F0FF900BD6DB0 /* Frameworks */,
				4E236D6C1D4F0FF900BD6DB0 /* Resources */,
			);
			buildRules = (
			);
			dependencies = (
				4E236D701D4F0FF900BD6DB0 /* PBXTargetDependency */,
			);
			name = TestKitchen_SwiftUITests;
			productName = TestKitchen_SwiftUITests;
			productReference = 4E236D6E1D4F0FF900BD6DB0 /* TestKitchen_SwiftUITests.xctest */;
			productType = "com.apple.product-type.bundle.ui-testing";
		};
/* End PBXNativeTarget section */

/* Begin PBXProject section */
		4E236D471D4F0FF800BD6DB0 /* Project object */ = {
			isa = PBXProject;
			attributes = {
				LastSwiftUpdateCheck = 0730;
				LastUpgradeCheck = 0730;
				ORGANIZATIONNAME = apple;
				TargetAttributes = {
					4E236D4E1D4F0FF800BD6DB0 = {
						CreatedOnToolsVersion = 7.3.1;
					};
					4E236D621D4F0FF800BD6DB0 = {
						CreatedOnToolsVersion = 7.3.1;
						TestTargetID = 4E236D4E1D4F0FF800BD6DB0;
					};
					4E236D6D1D4F0FF900BD6DB0 = {
						CreatedOnToolsVersion = 7.3.1;
						TestTargetID = 4E236D4E1D4F0FF800BD6DB0;
					};
				};
			};
			buildConfigurationList = 4E236D4A1D4F0FF800BD6DB0 /* Build configuration list for PBXProject "TestKitchen_Swift" */;
			compatibilityVersion = "Xcode 3.2";
			developmentRegion = English;
			hasScannedForEncodings = 0;
			knownRegions = (
				en,
				Base,
			);
			mainGroup = 4E236D461D4F0FF800BD6DB0;
			productRefGroup = 4E236D501D4F0FF800BD6DB0 /* Products */;
			projectDirPath = "";
			projectRoot = "";
			targets = (
				4E236D4E1D4F0FF800BD6DB0 /* TestKitchen_Swift */,
				4E236D621D4F0FF800BD6DB0 /* TestKitchen_SwiftTests */,
				4E236D6D1D4F0FF900BD6DB0 /* TestKitchen_SwiftUITests */,
			);
		};
/* End PBXProject section */

/* Begin PBXResourcesBuildPhase section */
		4E236D4D1D4F0FF800BD6DB0 /* Resources */ = {
			isa = PBXResourcesBuildPhase;
			buildActionMask = 2147483647;
			files = (
				4E236D5D1D4F0FF800BD6DB0 /* LaunchScreen.storyboard in Resources */,
				4E236D5A1D4F0FF800BD6DB0 /* Assets.xcassets in Resources */,
				4E236D811D4F103600BD6DB0 /* ReadMe.rtf in Resources */,
				4E236D581D4F0FF800BD6DB0 /* Main.storyboard in Resources */,
			);
			runOnlyForDeploymentPostprocessing = 0;
		};
		4E236D611D4F0FF800BD6DB0 /* Resources */ = {
			isa = PBXResourcesBuildPhase;
			buildActionMask = 2147483647;
			files = (
			);
			runOnlyForDeploymentPostprocessing = 0;
		};
		4E236D6C1D4F0FF900BD6DB0 /* Resources */ = {
			isa = PBXResourcesBuildPhase;
			buildActionMask = 2147483647;
			files = (
			);
			runOnlyForDeploymentPostprocessing = 0;
		};
/* End PBXResourcesBuildPhase section */

/* Begin PBXSourcesBuildPhase section */
		4E236D4B1D4F0FF800BD6DB0 /* Sources */ = {
			isa = PBXSourcesBuildPhase;
			buildActionMask = 2147483647;
			files = (
				4E236DB91D4F134C00BD6DB0 /* KTCUtil.swift in Sources */,
				4E236D551D4F0FF800BD6DB0 /* ViewController.swift in Sources */,
				4E236D531D4F0FF800BD6DB0 /* AppDelegate.swift in Sources */,
				4E236DB81D4F134C00BD6DB0 /* Const.swift in Sources */,
			);
			runOnlyForDeploymentPostprocessing = 0;
		};
		4E236D5F1D4F0FF800BD6DB0 /* Sources */ = {
			isa = PBXSourcesBuildPhase;
			buildActionMask = 2147483647;
			files = (
				4E236D681D4F0FF800BD6DB0 /* TestKitchen_SwiftTests.swift in Sources */,
			);
			runOnlyForDeploymentPostprocessing = 0;
		};
		4E236D6A1D4F0FF900BD6DB0 /* Sources */ = {
			isa = PBXSourcesBuildPhase;
			buildActionMask = 2147483647;
			files = (
				4E236D731D4F0FF900BD6DB0 /* TestKitchen_SwiftUITests.swift in Sources */,
			);
			runOnlyForDeploymentPostprocessing = 0;
		};
/* End PBXSourcesBuildPhase section */

/* Begin PBXTargetDependency section */
		4E236D651D4F0FF800BD6DB0 /* PBXTargetDependency */ = {
			isa = PBXTargetDependency;
			target = 4E236D4E1D4F0FF800BD6DB0 /* TestKitchen_Swift */;
			targetProxy = 4E236D641D4F0FF800BD6DB0 /* PBXContainerItemProxy */;
		};
		4E236D701D4F0FF900BD6DB0 /* PBXTargetDependency */ = {
			isa = PBXTargetDependency;
			target = 4E236D4E1D4F0FF800BD6DB0 /* TestKitchen_Swift */;
			targetProxy = 4E236D6F1D4F0FF900BD6DB0 /* PBXContainerItemProxy */;
		};
/* End PBXTargetDependency section */

/* Begin PBXVariantGroup section */
		4E236D561D4F0FF800BD6DB0 /* Main.storyboard */ = {
			isa = PBXVariantGroup;
			children = (
				4E236D571D4F0FF800BD6DB0 /* Base */,
			);
			name = Main.storyboard;
			sourceTree = "<group>";
		};
		4E236D5B1D4F0FF800BD6DB0 /* LaunchScreen.storyboard */ = {
			isa = PBXVariantGroup;
			children = (
				4E236D5C1D4F0FF800BD6DB0 /* Base */,
			);
			name = LaunchScreen.storyboard;
			sourceTree = "<group>";
		};
/* End PBXVariantGroup section */

/* Begin XCBuildConfiguration section */
		4E236D751D4F0FF900BD6DB0 /* Debug */ = {
			isa = XCBuildConfiguration;
			buildSettings = {
				ALWAYS_SEARCH_USER_PATHS = NO;
				CLANG_ANALYZER_NONNULL = YES;
				CLANG_CXX_LANGUAGE_STANDARD = "gnu++0x";
				CLANG_CXX_LIBRARY = "libc++";
				CLANG_ENABLE_MODULES = YES;
				CLANG_ENABLE_OBJC_ARC = YES;
				CLANG_WARN_BOOL_CONVERSION = YES;
				CLANG_WARN_CONSTANT_CONVERSION = YES;
				CLANG_WARN_DIRECT_OBJC_ISA_USAGE = YES_ERROR;
				CLANG_WARN_EMPTY_BODY = YES;
				CLANG_WARN_ENUM_CONVERSION = YES;
				CLANG_WARN_INT_CONVERSION = YES;
				CLANG_WARN_OBJC_ROOT_CLASS = YES_ERROR;
				CLANG_WARN_UNREACHABLE_CODE = YES;
				CLANG_WARN__DUPLICATE_METHOD_MATCH = YES;
				"CODE_SIGN_IDENTITY[sdk=iphoneos*]" = "iPhone Developer";
				COPY_PHASE_STRIP = NO;
				DEBUG_INFORMATION_FORMAT = dwarf;
				ENABLE_STRICT_OBJC_MSGSEND = YES;
				ENABLE_TESTABILITY = YES;
				GCC_C_LANGUAGE_STANDARD = gnu99;
				GCC_DYNAMIC_NO_PIC = NO;
				GCC_NO_COMMON_BLOCKS = YES;
				GCC_OPTIMIZATION_LEVEL = 0;
				GCC_PREPROCESSOR_DEFINITIONS = (
					"DEBUG=1",
					"$(inherited)",
				);
				GCC_WARN_64_TO_32_BIT_CONVERSION = YES;
				GCC_WARN_ABOUT_RETURN_TYPE = YES_ERROR;
				GCC_WARN_UNDECLARED_SELECTOR = YES;
				GCC_WARN_UNINITIALIZED_AUTOS = YES_AGGRESSIVE;
				GCC_WARN_UNUSED_FUNCTION = YES;
				GCC_WARN_UNUSED_VARIABLE = YES;
				IPHONEOS_DEPLOYMENT_TARGET = 9.3;
				MTL_ENABLE_DEBUG_INFO = YES;
				ONLY_ACTIVE_ARCH = YES;
				SDKROOT = iphoneos;
				SWIFT_OPTIMIZATION_LEVEL = "-Onone";
			};
			name = Debug;
		};
		4E236D761D4F0FF900BD6DB0 /* Release */ = {
			isa = XCBuildConfiguration;
			buildSettings = {
				ALWAYS_SEARCH_USER_PATHS = NO;
				CLANG_ANALYZER_NONNULL = YES;
				CLANG_CXX_LANGUAGE_STANDARD = "gnu++0x";
				CLANG_CXX_LIBRARY = "libc++";
				CLANG_ENABLE_MODULES = YES;
				CLANG_ENABLE_OBJC_ARC = YES;
				CLANG_WARN_BOOL_CONVERSION = YES;
				CLANG_WARN_CONSTANT_CONVERSION = YES;
				CLANG_WARN_DIRECT_OBJC_ISA_USAGE = YES_ERROR;
				CLANG_WARN_EMPTY_BODY = YES;
				CLANG_WARN_ENUM_CONVERSION = YES;
				CLANG_WARN_INT_CONVERSION = YES;
				CLANG_WARN_OBJC_ROOT_CLASS = YES_ERROR;
				CLANG_WARN_UNREACHABLE_CODE = YES;
				CLANG_WARN__DUPLICATE_METHOD_MATCH = YES;
				"CODE_SIGN_IDENTITY[sdk=iphoneos*]" = "iPhone Developer";
				COPY_PHASE_STRIP = NO;
				DEBUG_INFORMATION_FORMAT = "dwarf-with-dsym";
				ENABLE_NS_ASSERTIONS = NO;
				ENABLE_STRICT_OBJC_MSGSEND = YES;
				GCC_C_LANGUAGE_STANDARD = gnu99;
				GCC_NO_COMMON_BLOCKS = YES;
				GCC_WARN_64_TO_32_BIT_CONVERSION = YES;
				GCC_WARN_ABOUT_RETURN_TYPE = YES_ERROR;
				GCC_WARN_UNDECLARED_SELECTOR = YES;
				GCC_WARN_UNINITIALIZED_AUTOS = YES_AGGRESSIVE;
				GCC_WARN_UNUSED_FUNCTION = YES;
				GCC_WARN_UNUSED_VARIABLE = YES;
				IPHONEOS_DEPLOYMENT_TARGET = 9.3;
				MTL_ENABLE_DEBUG_INFO = NO;
				SDKROOT = iphoneos;
				VALIDATE_PRODUCT = YES;
			};
			name = Release;
		};
		4E236D781D4F0FF900BD6DB0 /* Debug */ = {
			isa = XCBuildConfiguration;
			buildSettings = {
				ASSETCATALOG_COMPILER_APPICON_NAME = AppIcon;
				INFOPLIST_FILE = TestKitchen_Swift/Info.plist;
				LD_RUNPATH_SEARCH_PATHS = "$(inherited) @executable_path/Frameworks";
				PRODUCT_BUNDLE_IDENTIFIER = "com.1606.TestKitchen-Swift";
				PRODUCT_NAME = "$(TARGET_NAME)";
			};
			name = Debug;
		};
		4E236D791D4F0FF900BD6DB0 /* Release */ = {
			isa = XCBuildConfiguration;
			buildSettings = {
				ASSETCATALOG_COMPILER_APPICON_NAME = AppIcon;
				INFOPLIST_FILE = TestKitchen_Swift/Info.plist;
				LD_RUNPATH_SEARCH_PATHS = "$(inherited) @executable_path/Frameworks";
				PRODUCT_BUNDLE_IDENTIFIER = "com.1606.TestKitchen-Swift";
				PRODUCT_NAME = "$(TARGET_NAME)";
			};
			name = Release;
		};
		4E236D7B1D4F0FF900BD6DB0 /* Debug */ = {
			isa = XCBuildConfiguration;
			buildSettings = {
				BUNDLE_LOADER = "$(TEST_HOST)";
				INFOPLIST_FILE = TestKitchen_SwiftTests/Info.plist;
				LD_RUNPATH_SEARCH_PATHS = "$(inherited) @executable_path/Frameworks @loader_path/Frameworks";
				PRODUCT_BUNDLE_IDENTIFIER = "com.1606.TestKitchen-SwiftTests";
				PRODUCT_NAME = "$(TARGET_NAME)";
				TEST_HOST = "$(BUILT_PRODUCTS_DIR)/TestKitchen_Swift.app/TestKitchen_Swift";
			};
			name = Debug;
		};
		4E236D7C1D4F0FF900BD6DB0 /* Release */ = {
			isa = XCBuildConfiguration;
			buildSettings = {
				BUNDLE_LOADER = "$(TEST_HOST)";
				INFOPLIST_FILE = TestKitchen_SwiftTests/Info.plist;
				LD_RUNPATH_SEARCH_PATHS = "$(inherited) @executable_path/Frameworks @loader_path/Frameworks";
				PRODUCT_BUNDLE_IDENTIFIER = "com.1606.TestKitchen-SwiftTests";
				PRODUCT_NAME = "$(TARGET_NAME)";
				TEST_HOST = "$(BUILT_PRODUCTS_DIR)/TestKitchen_Swift.app/TestKitchen_Swift";
			};
			name = Release;
		};
		4E236D7E1D4F0FF900BD6DB0 /* Debug */ = {
			isa = XCBuildConfiguration;
			buildSettings = {
				INFOPLIST_FILE = TestKitchen_SwiftUITests/Info.plist;
				LD_RUNPATH_SEARCH_PATHS = "$(inherited) @executable_path/Frameworks @loader_path/Frameworks";
				PRODUCT_BUNDLE_IDENTIFIER = "com.1606.TestKitchen-SwiftUITests";
				PRODUCT_NAME = "$(TARGET_NAME)";
				TEST_TARGET_NAME = TestKitchen_Swift;
			};
			name = Debug;
		};
		4E236D7F1D4F0FF900BD6DB0 /* Release */ = {
			isa = XCBuildConfiguration;
			buildSettings = {
				INFOPLIST_FILE = TestKitchen_SwiftUITests/Info.plist;
				LD_RUNPATH_SEARCH_PATHS = "$(inherited) @executable_path/Frameworks @loader_path/Frameworks";
				PRODUCT_BUNDLE_IDENTIFIER = "com.1606.TestKitchen-SwiftUITests";
				PRODUCT_NAME = "$(TARGET_NAME)";
				TEST_TARGET_NAME = TestKitchen_Swift;
			};
			name = Release;
		};
/* End XCBuildConfiguration section */

/* Begin XCConfigurationList section */
		4E236D4A1D4F0FF800BD6DB0 /* Build configuration list for PBXProject "TestKitchen_Swift" */ = {
			isa = XCConfigurationList;
			buildConfigurations = (
				4E236D751D4F0FF900BD6DB0 /* Debug */,
				4E236D761D4F0FF900BD6DB0 /* Release */,
			);
			defaultConfigurationIsVisible = 0;
			defaultConfigurationName = Release;
		};
		4E236D771D4F0FF900BD6DB0 /* Build configuration list for PBXNativeTarget "TestKitchen_Swift" */ = {
			isa = XCConfigurationList;
			buildConfigurations = (
				4E236D781D4F0FF900BD6DB0 /* Debug */,
				4E236D791D4F0FF900BD6DB0 /* Release */,
			);
			defaultConfigurationIsVisible = 0;
		};
		4E236D7A1D4F0FF900BD6DB0 /* Build configuration list for PBXNativeTarget "TestKitchen_SwiftTests" */ = {
			isa = XCConfigurationList;
			buildConfigurations = (
				4E236D7B1D4F0FF900BD6DB0 /* Debug */,
				4E236D7C1D4F0FF900BD6DB0 /* Release */,
			);
			defaultConfigurationIsVisible = 0;
		};
		4E236D7D1D4F0FF900BD6DB0 /* Build configuration list for PBXNativeTarget "TestKitchen_SwiftUITests" */ = {
			isa = XCConfigurationList;
			buildConfigurations = (
				4E236D7E1D4F0FF900BD6DB0 /* Debug */,
				4E236D7F1D4F0FF900BD6DB0 /* Release */,
			);
			defaultConfigurationIsVisible = 0;
		};
/* End XCConfigurationList section */
	};
	rootObject = 4E236D471D4F0FF800BD6DB0 /* Project object */;
}
